speakeasyVersion: 1.378.0
sources:
    avalanche-sdk:
        sourceNamespace: avalanche-sdk
        sourceRevisionDigest: sha256:6fb7bf9f16972b89b45abbe0b0adf2286c8981448c8aa546db6813892c46ec72
        sourceBlobDigest: sha256:e8530a8dc4f17af50cbeb48a5fd82dd370a857f72b59c4d49ec7727af2025060
        tags:
            - latest
    glacier-api:
        sourceNamespace: glacier-api
        sourceRevisionDigest: sha256:71248e70dcddb6998042883a393167603b6b1bad9ed2425a8459d4a89003a3fa
        sourceBlobDigest: sha256:4ce081e450276bacfffb6e3802908e3ec17d8de62c9a17737d75947067a74777
        tags:
            - latest
targets: {}
workflow:
    workflowVersion: 1.0.0
    speakeasyVersion: latest
    sources:
        avalanche-sdk:
            inputs:
                - location: https://51ba-2405-201-3027-2887-41ce-a5b-9add-5061.ngrok-free.app/api-json
            overlays:
                - location: registry.speakeasyapi.dev/avalabs/avalabs/avalanche-sdk-ts-code-samples
            output: avalanche-sdk.yaml
            registry:
                location: registry.speakeasyapi.dev/avalabs/avalabs/avalanche-sdk
    targets: {}
