speakeasyVersion: 1.385.0
sources:
    avalanche-sdk:
        sourceNamespace: avalanche-sdk
        sourceRevisionDigest: sha256:6fb7bf9f16972b89b45abbe0b0adf2286c8981448c8aa546db6813892c46ec72
        sourceBlobDigest: sha256:e8530a8dc4f17af50cbeb48a5fd82dd370a857f72b59c4d49ec7727af2025060
        tags:
            - latest
    data-api:
        sourceNamespace: data-api
        sourceRevisionDigest: sha256:c5b3b2bc2c165b9dfbff1e2c41063ea0b1367490a07bd15c06debb4f83ef6971
        sourceBlobDigest: sha256:356c3746dfc5a932c1afb90e2506d91a350ba0b5bedb6fe32fc45cab79ed0626
        tags:
            - latest
    glacier-api:
        sourceNamespace: glacier-api
        sourceRevisionDigest: sha256:71248e70dcddb6998042883a393167603b6b1bad9ed2425a8459d4a89003a3fa
        sourceBlobDigest: sha256:4ce081e450276bacfffb6e3802908e3ec17d8de62c9a17737d75947067a74777
        tags:
            - latest
    metrics-api:
        sourceNamespace: metrics-api
        sourceRevisionDigest: sha256:b85dfb252133d68197c95e72868a619af8328f24c9d195afcc2783b38dff0038
        sourceBlobDigest: sha256:5f0f4b9728478f4f96d5f152ebb29ba18829ef66938aeb509df26d7ad444cf93
        tags:
            - latest
targets: {}
workflow:
    workflowVersion: 1.0.0
    speakeasyVersion: latest
    sources:
        data-api:
            inputs:
                - location: https://c6cd-2405-201-3027-2887-c59f-283b-9808-8aac.ngrok-free.app/api-json
            overlays:
                - location: overlay/data-api-overlay.yaml
                - location: registry.speakeasyapi.dev/avalabs/avalabs/avacloud-sdk-ts-code-samples
            output: data-api/data-api.yaml
            registry:
                location: registry.speakeasyapi.dev/avalabs/avalabs/data-api
        metrics-api:
            inputs:
                - location: https://e4db-2405-201-3027-2887-c59f-283b-9808-8aac.ngrok-free.app/api-json
            overlays:
                - location: registry.speakeasyapi.dev/avalabs/avalabs/avacloud-sdk-ts-code-samples
            output: metrics-api/metrics-api.yaml
            registry:
                location: registry.speakeasyapi.dev/avalabs/avalabs/metrics-api
    targets: {}
